
Microsoft Visual Studio Solution File, Format Version 12.00
# Visual Studio Version 16
VisualStudioVersion = 16.0.31613.86
MinimumVisualStudioVersion = 10.0.40219.1
Project("{FAE04EC0-301F-11D3-BF4B-00C04F79EFBC}") = "UniversityWebsite", "UniversityWebsite\UniversityWebsite.csproj", "{CE1BD495-105C-46A0-8FF1-8F1CFD13FF37}"
EndProject
Global
	GlobalSection(SolutionConfigurationPlatforms) = preSolution
		Debug|Any CPU = Debug|Any CPU
		Release|Any CPU = Release|Any CPU
	EndGlobalSection
	GlobalSection(ProjectConfigurationPlatforms) = postSolution
		{CE1BD495-105C-46A0-8FF1-8F1CFD13FF37}.Debug|Any CPU.ActiveCfg = Debug|Any CPU
		{CE1BD495-105C-46A0-8FF1-8F1CFD13FF37}.Debug|Any CPU.Build.0 = Debug|Any CPU
		{CE1BD495-105C-46A0-8FF1-8F1CFD13FF37}.Release|Any CPU.ActiveCfg = Release|Any CPU
		{CE1BD495-105C-46A0-8FF1-8F1CFD13FF37}.Release|Any CPU.Build.0 = Release|Any CPU
	EndGlobalSection
	GlobalSection(SolutionProperties) = preSolution
		HideSolutionNode = FALSE
	EndGlobalSection
	GlobalSection(ExtensibilityGlobals) = postSolution
		SolutionGuid = {736E3FF0-D57A-4EE7-A31F-2F93D8402C05}
	EndGlobalSection
EndGlobal
